github.com/youseebiggirl/requests v0.0.0-20220421122422-4d8419519e1c h1:3xQTk9LpjiMEXfn52YF4Z3AhT3cNVor/LMTs+ZmDN+Q=
github.com/youseebiggirl/requests v0.0.0-20220421122422-4d8419519e1c/go.mod h1:BpqPD6vXIk0NVksM7wljKirkyWGkEYnvjzaTUyvtxG8=
github.com/youseebiggirl/requests v0.0.0-20220421144821-5944790a5b2a h1:jWutA8fQWf8Cphjsm0TLUSlnkWdqkA3Ax1FaVkyWzxU=
github.com/youseebiggirl/requests v0.0.0-20220421144821-5944790a5b2a/go.mod h1:BpqPD6vXIk0NVksM7wljKirkyWGkEYnvjzaTUyvtxG8=
github.com/youseebiggirl/requests v0.0.1 h1:2kfReteHaM7cxfDxIaY7HYrvv4YQQYT+D0K4svBHYuM=
github.com/youseebiggirl/requests v0.0.1/go.mod h1:BpqPD6vXIk0NVksM7wljKirkyWGkEYnvjzaTUyvtxG8=
github.com/youseebiggirl/requests v0.0.2 h1:x1ZD1rhCU8JSjrWkoRAT3cEWGuqkRw3MRgSyZvL6bCo=
github.com/youseebiggirl/requests v0.0.2/go.mod h1:BpqPD6vXIk0NVksM7wljKirkyWGkEYnvjzaTUyvtxG8=
