golang.org/x/exp v0.0.0-20211129234152-8a230f1f7d7a h1:svHeO6W1OP42tMt0UyT5vdKQO0pVxgKcNsDkE3zn/no=
golang.org/x/exp v0.0.0-20211129234152-8a230f1f7d7a/go.mod h1:b9TAUYHmRtqA6klRHApnXMnj+OyLce4yF5cZCUbk2ps=
golang.org/x/exp v0.0.0-20220414153411-bcd21879b8fd h1:zVFyTKZN/Q7mNRWSs1GOYnHM9NiFSJ54YVRsD0rNWT4=
golang.org/x/exp v0.0.0-20220414153411-bcd21879b8fd/go.mod h1:lgLbSvA5ygNOMpwM/9anMpWVlVJ7Z+cHWq/eFuinpGE=
